
Microsoft Visual Studio Solution File, Format Version 12.00
# Visual Studio 15
VisualStudioVersion = 15.0.28307.572
MinimumVisualStudioVersion = 10.0.40219.1
Project("{FAE04EC0-301F-11D3-BF4B-00C04F79EFBC}") = "Test", "Test\Test.csproj", "{CBA1AB82-0FEE-498E-B2C2-3200D8DCD287}"
EndProject
Global
	GlobalSection(SolutionConfigurationPlatforms) = preSolution
		Debug|Any CPU = Debug|Any CPU
		Release|Any CPU = Release|Any CPU
	EndGlobalSection
	GlobalSection(ProjectConfigurationPlatforms) = postSolution
		{CBA1AB82-0FEE-498E-B2C2-3200D8DCD287}.Debug|Any CPU.ActiveCfg = Debug|Any CPU
		{CBA1AB82-0FEE-498E-B2C2-3200D8DCD287}.Debug|Any CPU.Build.0 = Debug|Any CPU
		{CBA1AB82-0FEE-498E-B2C2-3200D8DCD287}.Release|Any CPU.ActiveCfg = Release|Any CPU
		{CBA1AB82-0FEE-498E-B2C2-3200D8DCD287}.Release|Any CPU.Build.0 = Release|Any CPU
	EndGlobalSection
	GlobalSection(SolutionProperties) = preSolution
		HideSolutionNode = FALSE
	EndGlobalSection
	GlobalSection(ExtensibilityGlobals) = postSolution
		SolutionGuid = {8CCFAC9C-5979-48E8-B5FA-55430BF8BF81}
	EndGlobalSection
EndGlobal
